
Microsoft Visual Studio Solution File, Format Version 12.00
# Visual Studio Version 17
VisualStudioVersion = 17.2.32526.322
MinimumVisualStudioVersion = 10.0.40219.1
Project("{FAE04EC0-301F-11D3-BF4B-00C04F79EFBC}") = "EasyProjects", "EasyProjects\EasyProjects.csproj", "{DD8C118D-F4EF-463F-8DFD-CED43988BABA}"
EndProject
Global
	GlobalSection(SolutionConfigurationPlatforms) = preSolution
		Debug|Any CPU = Debug|Any CPU
		Release|Any CPU = Release|Any CPU
	EndGlobalSection
	GlobalSection(ProjectConfigurationPlatforms) = postSolution
		{DD8C118D-F4EF-463F-8DFD-CED43988BABA}.Debug|Any CPU.ActiveCfg = Debug|Any CPU
		{DD8C118D-F4EF-463F-8DFD-CED43988BABA}.Debug|Any CPU.Build.0 = Debug|Any CPU
		{DD8C118D-F4EF-463F-8DFD-CED43988BABA}.Release|Any CPU.ActiveCfg = Release|Any CPU
		{DD8C118D-F4EF-463F-8DFD-CED43988BABA}.Release|Any CPU.Build.0 = Release|Any CPU
	EndGlobalSection
	GlobalSection(SolutionProperties) = preSolution
		HideSolutionNode = FALSE
	EndGlobalSection
	GlobalSection(ExtensibilityGlobals) = postSolution
		SolutionGuid = {DC72B136-2C3C-44F3-9F79-4649854FA8B5}
	EndGlobalSection
EndGlobal
