
Microsoft Visual Studio Solution File, Format Version 12.00
# Visual Studio Version 17
VisualStudioVersion = 17.2.32526.322
MinimumVisualStudioVersion = 10.0.40219.1
Project("{FAE04EC0-301F-11D3-BF4B-00C04F79EFBC}") = "PDFGenerator", "PDFGenerator\PDFGenerator.csproj", "{68FA3774-EE30-4DFE-AB44-2CF529E46155}"
EndProject
Global
	GlobalSection(SolutionConfigurationPlatforms) = preSolution
		Debug|Any CPU = Debug|Any CPU
		Release|Any CPU = Release|Any CPU
	EndGlobalSection
	GlobalSection(ProjectConfigurationPlatforms) = postSolution
		{68FA3774-EE30-4DFE-AB44-2CF529E46155}.Debug|Any CPU.ActiveCfg = Debug|Any CPU
		{68FA3774-EE30-4DFE-AB44-2CF529E46155}.Debug|Any CPU.Build.0 = Debug|Any CPU
		{68FA3774-EE30-4DFE-AB44-2CF529E46155}.Release|Any CPU.ActiveCfg = Release|Any CPU
		{68FA3774-EE30-4DFE-AB44-2CF529E46155}.Release|Any CPU.Build.0 = Release|Any CPU
	EndGlobalSection
	GlobalSection(SolutionProperties) = preSolution
		HideSolutionNode = FALSE
	EndGlobalSection
	GlobalSection(ExtensibilityGlobals) = postSolution
		SolutionGuid = {67720B62-E592-4D11-8C92-B8E8AB502C1A}
	EndGlobalSection
EndGlobal
